github.com/alphahorizonio/unisockets v0.1.1 h1:LNR3Uy+xm09zlj0QGlrDw2ljF80/4J/nbfvpqBeXSpM=
github.com/alphahorizonio/unisockets v0.1.1/go.mod h1:GHmI67/4EW9Jx+d1QiytJOHXnlI127uErrRgIHzwBB4=
github.com/valyala/fastjson v1.6.3 h1:tAKFnnwmeMGPbwJ7IwxcTPCNr3uIzoIj3/Fh90ra4xc=
github.com/valyala/fastjson v1.6.3/go.mod h1:CLCAqky6SMuOcxStkYQvblddUtoRxhYMGLrsQns1aXY=
