github.com/pojntfx/unisockets v0.0.21 h1:KDPUTlLRs/zeZa8/VFjqYQE8p5L3IdJ0l3ZIQ7RJ88o=
github.com/pojntfx/unisockets v0.0.21/go.mod h1:CEeZMjYln6NAZz+QJbAr4KiVxmtNqx2FgNVmBdil9lU=
github.com/valyala/fastjson v1.6.3 h1:tAKFnnwmeMGPbwJ7IwxcTPCNr3uIzoIj3/Fh90ra4xc=
github.com/valyala/fastjson v1.6.3/go.mod h1:CLCAqky6SMuOcxStkYQvblddUtoRxhYMGLrsQns1aXY=
